
Microsoft Visual Studio Solution File, Format Version 12.00
# Visual Studio Version 17
VisualStudioVersion = 17.5.002.0
MinimumVisualStudioVersion = 10.0.40219.1
Project("{9A19103F-16F7-4668-BE54-9A1E7A4F7556}") = "tests", "tests\tests.csproj", "{EC84550C-7E4A-498E-AE4D-A90427E47D10}"
EndProject
Project("{9A19103F-16F7-4668-BE54-9A1E7A4F7556}") = "provider", "src\provider.csproj", "{A10FB7EC-C5EF-4D6A-A597-EF3343B0AC87}"
EndProject
Global
	GlobalSection(SolutionConfigurationPlatforms) = preSolution
		Debug|Any CPU = Debug|Any CPU
		Release|Any CPU = Release|Any CPU
	EndGlobalSection
	GlobalSection(ProjectConfigurationPlatforms) = postSolution
		{EC84550C-7E4A-498E-AE4D-A90427E47D10}.Debug|Any CPU.ActiveCfg = Debug|Any CPU
		{EC84550C-7E4A-498E-AE4D-A90427E47D10}.Debug|Any CPU.Build.0 = Debug|Any CPU
		{EC84550C-7E4A-498E-AE4D-A90427E47D10}.Release|Any CPU.ActiveCfg = Release|Any CPU
		{EC84550C-7E4A-498E-AE4D-A90427E47D10}.Release|Any CPU.Build.0 = Release|Any CPU
		{A10FB7EC-C5EF-4D6A-A597-EF3343B0AC87}.Debug|Any CPU.ActiveCfg = Debug|Any CPU
		{A10FB7EC-C5EF-4D6A-A597-EF3343B0AC87}.Debug|Any CPU.Build.0 = Debug|Any CPU
		{A10FB7EC-C5EF-4D6A-A597-EF3343B0AC87}.Release|Any CPU.ActiveCfg = Release|Any CPU
		{A10FB7EC-C5EF-4D6A-A597-EF3343B0AC87}.Release|Any CPU.Build.0 = Release|Any CPU
	EndGlobalSection
	GlobalSection(SolutionProperties) = preSolution
		HideSolutionNode = FALSE
	EndGlobalSection
	GlobalSection(ExtensibilityGlobals) = postSolution
		SolutionGuid = {6EB257E3-E055-47C8-897C-6E4EACFB58FC}
	EndGlobalSection
EndGlobal
