
Microsoft Visual Studio Solution File, Format Version 12.00
# Visual Studio Version 17
VisualStudioVersion = 17.6.33723.286
MinimumVisualStudioVersion = 10.0.40219.1
Project("{9A19103F-16F7-4668-BE54-9A1E7A4F7556}") = "tests", "tests.csproj", "{A268B59D-E1DD-439B-9856-F6F4B76663EF}"
EndProject
Global
	GlobalSection(SolutionConfigurationPlatforms) = preSolution
		Debug|Any CPU = Debug|Any CPU
		Release|Any CPU = Release|Any CPU
	EndGlobalSection
	GlobalSection(ProjectConfigurationPlatforms) = postSolution
		{A268B59D-E1DD-439B-9856-F6F4B76663EF}.Debug|Any CPU.ActiveCfg = Debug|Any CPU
		{A268B59D-E1DD-439B-9856-F6F4B76663EF}.Debug|Any CPU.Build.0 = Debug|Any CPU
		{A268B59D-E1DD-439B-9856-F6F4B76663EF}.Release|Any CPU.ActiveCfg = Release|Any CPU
		{A268B59D-E1DD-439B-9856-F6F4B76663EF}.Release|Any CPU.Build.0 = Release|Any CPU
	EndGlobalSection
	GlobalSection(SolutionProperties) = preSolution
		HideSolutionNode = FALSE
	EndGlobalSection
	GlobalSection(ExtensibilityGlobals) = postSolution
		SolutionGuid = {5B444574-5031-425D-8021-6F987A4F20F3}
	EndGlobalSection
EndGlobal
