
Microsoft Visual Studio Solution File, Format Version 12.00
# Visual Studio Version 17
VisualStudioVersion = 17.6.33723.286
MinimumVisualStudioVersion = 10.0.40219.1
Project("{9A19103F-16F7-4668-BE54-9A1E7A4F7556}") = "provider", "provider.csproj", "{755D77A5-8631-4D89-AC37-DD876EF24CEF}"
EndProject
Global
	GlobalSection(SolutionConfigurationPlatforms) = preSolution
		Debug|Any CPU = Debug|Any CPU
		Release|Any CPU = Release|Any CPU
	EndGlobalSection
	GlobalSection(ProjectConfigurationPlatforms) = postSolution
		{755D77A5-8631-4D89-AC37-DD876EF24CEF}.Debug|Any CPU.ActiveCfg = Debug|Any CPU
		{755D77A5-8631-4D89-AC37-DD876EF24CEF}.Debug|Any CPU.Build.0 = Debug|Any CPU
		{755D77A5-8631-4D89-AC37-DD876EF24CEF}.Release|Any CPU.ActiveCfg = Release|Any CPU
		{755D77A5-8631-4D89-AC37-DD876EF24CEF}.Release|Any CPU.Build.0 = Release|Any CPU
	EndGlobalSection
	GlobalSection(SolutionProperties) = preSolution
		HideSolutionNode = FALSE
	EndGlobalSection
	GlobalSection(ExtensibilityGlobals) = postSolution
		SolutionGuid = {1E14565B-19B2-4C8D-B646-CFCA12DD81E9}
	EndGlobalSection
EndGlobal
